
Microsoft Visual Studio Solution File, Format Version 12.00
# Visual Studio Version 17
VisualStudioVersion = 17.2.32602.215
MinimumVisualStudioVersion = 10.0.40219.1
Project("{FAE04EC0-301F-11D3-BF4B-00C04F79EFBC}") = "AudioSplitter", "AudioSplitter\AudioSplitter.csproj", "{BAA4A93D-115D-471A-8F1F-E9596715D958}"
EndProject
Global
	GlobalSection(SolutionConfigurationPlatforms) = preSolution
		Debug|Any CPU = Debug|Any CPU
		Release|Any CPU = Release|Any CPU
	EndGlobalSection
	GlobalSection(ProjectConfigurationPlatforms) = postSolution
		{BAA4A93D-115D-471A-8F1F-E9596715D958}.Debug|Any CPU.ActiveCfg = Debug|Any CPU
		{BAA4A93D-115D-471A-8F1F-E9596715D958}.Debug|Any CPU.Build.0 = Debug|Any CPU
		{BAA4A93D-115D-471A-8F1F-E9596715D958}.Release|Any CPU.ActiveCfg = Release|Any CPU
		{BAA4A93D-115D-471A-8F1F-E9596715D958}.Release|Any CPU.Build.0 = Release|Any CPU
	EndGlobalSection
	GlobalSection(SolutionProperties) = preSolution
		HideSolutionNode = FALSE
	EndGlobalSection
	GlobalSection(ExtensibilityGlobals) = postSolution
		SolutionGuid = {9494345B-6CF5-41A0-BBD7-567137F13173}
	EndGlobalSection
EndGlobal
